# THIS IS AN AUTOGENERATED FILE. DO NOT EDIT THIS FILE DIRECTLY.
# yarn lockfile v1


flow-bin@^0.176.3:
  version "0.176.3"
  resolved "https://registry.yarnpkg.com/flow-bin/-/flow-bin-0.176.3.tgz#d32de04e044ab474afe543b9fd245608bb6a6ac8"
  integrity sha512-lbNqgjr2GlGLAEVp5+dhG4LdnFE7ekbvVNifAdlvTx58/nE8GrCOMiUwEQy4dLnfL2NIRMk2dbEVTrugeQJ3mA==
